
Microsoft Visual Studio Solution File, Format Version 12.00
# Visual Studio 2012
Project("{FAE04EC0-301F-11D3-BF4B-00C04F79EFBC}") = "grbdump", "grbdump\grbdump.csproj", "{CFAD7ECE-55B4-43DA-97E2-FF5657F9B095}"
EndProject
Global
	GlobalSection(SolutionConfigurationPlatforms) = preSolution
		Debug|x86 = Debug|x86
		Release|x86 = Release|x86
	EndGlobalSection
	GlobalSection(ProjectConfigurationPlatforms) = postSolution
		{CFAD7ECE-55B4-43DA-97E2-FF5657F9B095}.Debug|x86.ActiveCfg = Debug|x86
		{CFAD7ECE-55B4-43DA-97E2-FF5657F9B095}.Debug|x86.Build.0 = Debug|x86
		{CFAD7ECE-55B4-43DA-97E2-FF5657F9B095}.Release|x86.ActiveCfg = Release|x86
		{CFAD7ECE-55B4-43DA-97E2-FF5657F9B095}.Release|x86.Build.0 = Release|x86
	EndGlobalSection
EndGlobal
